
Microsoft Visual Studio Solution File, Format Version 12.00
# Visual Studio 14
VisualStudioVersion = 14.0.25420.1
MinimumVisualStudioVersion = 10.0.40219.1
Project("{FAE04EC0-301F-11D3-BF4B-00C04F79EFBC}") = "MineNET", "MineNET\MineNET.csproj", "{1F471258-4C9F-4E08-9515-769957CE1E23}"
EndProject
Project("{FAE04EC0-301F-11D3-BF4B-00C04F79EFBC}") = "MineNET.Console", "MineNET.Console\MineNET.Console.csproj", "{6DD318F1-51C5-48AF-A893-E4A83E81FFE5}"
EndProject
Global
	GlobalSection(SolutionConfigurationPlatforms) = preSolution
		Debug|Any CPU = Debug|Any CPU
		Debug|x64 = Debug|x64
		Debug|x86 = Debug|x86
		Release|Any CPU = Release|Any CPU
		Release|x64 = Release|x64
		Release|x86 = Release|x86
	EndGlobalSection
	GlobalSection(ProjectConfigurationPlatforms) = postSolution
		{1F471258-4C9F-4E08-9515-769957CE1E23}.Debug|Any CPU.ActiveCfg = Debug|Any CPU
		{1F471258-4C9F-4E08-9515-769957CE1E23}.Debug|Any CPU.Build.0 = Debug|Any CPU
		{1F471258-4C9F-4E08-9515-769957CE1E23}.Debug|x64.ActiveCfg = Debug|x64
		{1F471258-4C9F-4E08-9515-769957CE1E23}.Debug|x64.Build.0 = Debug|x64
		{1F471258-4C9F-4E08-9515-769957CE1E23}.Debug|x86.ActiveCfg = Debug|x86
		{1F471258-4C9F-4E08-9515-769957CE1E23}.Debug|x86.Build.0 = Debug|x86
		{1F471258-4C9F-4E08-9515-769957CE1E23}.Release|Any CPU.ActiveCfg = Release|Any CPU
		{1F471258-4C9F-4E08-9515-769957CE1E23}.Release|Any CPU.Build.0 = Release|Any CPU
		{1F471258-4C9F-4E08-9515-769957CE1E23}.Release|x64.ActiveCfg = Release|x64
		{1F471258-4C9F-4E08-9515-769957CE1E23}.Release|x64.Build.0 = Release|x64
		{1F471258-4C9F-4E08-9515-769957CE1E23}.Release|x86.ActiveCfg = Release|x86
		{1F471258-4C9F-4E08-9515-769957CE1E23}.Release|x86.Build.0 = Release|x86
		{6DD318F1-51C5-48AF-A893-E4A83E81FFE5}.Debug|Any CPU.ActiveCfg = Debug|Any CPU
		{6DD318F1-51C5-48AF-A893-E4A83E81FFE5}.Debug|Any CPU.Build.0 = Debug|Any CPU
		{6DD318F1-51C5-48AF-A893-E4A83E81FFE5}.Debug|x64.ActiveCfg = Debug|x64
		{6DD318F1-51C5-48AF-A893-E4A83E81FFE5}.Debug|x64.Build.0 = Debug|x64
		{6DD318F1-51C5-48AF-A893-E4A83E81FFE5}.Debug|x86.ActiveCfg = Debug|x86
		{6DD318F1-51C5-48AF-A893-E4A83E81FFE5}.Debug|x86.Build.0 = Debug|x86
		{6DD318F1-51C5-48AF-A893-E4A83E81FFE5}.Release|Any CPU.ActiveCfg = Release|Any CPU
		{6DD318F1-51C5-48AF-A893-E4A83E81FFE5}.Release|Any CPU.Build.0 = Release|Any CPU
		{6DD318F1-51C5-48AF-A893-E4A83E81FFE5}.Release|x64.ActiveCfg = Release|x64
		{6DD318F1-51C5-48AF-A893-E4A83E81FFE5}.Release|x64.Build.0 = Release|x64
		{6DD318F1-51C5-48AF-A893-E4A83E81FFE5}.Release|x86.ActiveCfg = Release|x86
		{6DD318F1-51C5-48AF-A893-E4A83E81FFE5}.Release|x86.Build.0 = Release|x86
	EndGlobalSection
	GlobalSection(SolutionProperties) = preSolution
		HideSolutionNode = FALSE
	EndGlobalSection
EndGlobal
